
Microsoft Visual Studio Solution File, Format Version 12.00
# Visual Studio Version 16
VisualStudioVersion = 16.0.28809.33
MinimumVisualStudioVersion = 10.0.40219.1
Project("{9A19103F-16F7-4668-BE54-9A1E7A4F7556}") = "Arslan.Net.Service", "service\Arslan.Net.Service.csproj", "{83C9D5E7-C828-478D-BFCE-CB97D5473EBF}"
EndProject
Project("{9A19103F-16F7-4668-BE54-9A1E7A4F7556}") = "Arslan.Net.Extensions.DependencyInjection", "extensions.dependencyInjection\Arslan.Net.Extensions.DependencyInjection.csproj", "{AB5459C8-0B8D-4C4E-AB2A-9AC696BDB28D}"
EndProject
Project("{9A19103F-16F7-4668-BE54-9A1E7A4F7556}") = "Arslan.Net.Service.Tests", "service.tests\Arslan.Net.Service.Tests.csproj", "{748DB0B9-4408-4817-88E2-F46342BE7611}"
EndProject
Project("{FAE04EC0-301F-11D3-BF4B-00C04F79EFBC}") = "Arslan.Net.Service.Demo", "Demo\Arslan.Net.Service.Demo.csproj", "{6CD9029B-DC95-47D9-BB93-1C81BACE9948}"
EndProject
Global
	GlobalSection(SolutionConfigurationPlatforms) = preSolution
		Debug|Any CPU = Debug|Any CPU
		Release|Any CPU = Release|Any CPU
	EndGlobalSection
	GlobalSection(ProjectConfigurationPlatforms) = postSolution
		{83C9D5E7-C828-478D-BFCE-CB97D5473EBF}.Debug|Any CPU.ActiveCfg = Debug|Any CPU
		{83C9D5E7-C828-478D-BFCE-CB97D5473EBF}.Debug|Any CPU.Build.0 = Debug|Any CPU
		{83C9D5E7-C828-478D-BFCE-CB97D5473EBF}.Release|Any CPU.ActiveCfg = Release|Any CPU
		{83C9D5E7-C828-478D-BFCE-CB97D5473EBF}.Release|Any CPU.Build.0 = Release|Any CPU
		{AB5459C8-0B8D-4C4E-AB2A-9AC696BDB28D}.Debug|Any CPU.ActiveCfg = Debug|Any CPU
		{AB5459C8-0B8D-4C4E-AB2A-9AC696BDB28D}.Debug|Any CPU.Build.0 = Debug|Any CPU
		{AB5459C8-0B8D-4C4E-AB2A-9AC696BDB28D}.Release|Any CPU.ActiveCfg = Release|Any CPU
		{AB5459C8-0B8D-4C4E-AB2A-9AC696BDB28D}.Release|Any CPU.Build.0 = Release|Any CPU
		{748DB0B9-4408-4817-88E2-F46342BE7611}.Debug|Any CPU.ActiveCfg = Debug|Any CPU
		{748DB0B9-4408-4817-88E2-F46342BE7611}.Debug|Any CPU.Build.0 = Debug|Any CPU
		{748DB0B9-4408-4817-88E2-F46342BE7611}.Release|Any CPU.ActiveCfg = Release|Any CPU
		{748DB0B9-4408-4817-88E2-F46342BE7611}.Release|Any CPU.Build.0 = Release|Any CPU
		{6CD9029B-DC95-47D9-BB93-1C81BACE9948}.Debug|Any CPU.ActiveCfg = Debug|Any CPU
		{6CD9029B-DC95-47D9-BB93-1C81BACE9948}.Debug|Any CPU.Build.0 = Debug|Any CPU
		{6CD9029B-DC95-47D9-BB93-1C81BACE9948}.Release|Any CPU.ActiveCfg = Release|Any CPU
		{6CD9029B-DC95-47D9-BB93-1C81BACE9948}.Release|Any CPU.Build.0 = Release|Any CPU
	EndGlobalSection
	GlobalSection(SolutionProperties) = preSolution
		HideSolutionNode = FALSE
	EndGlobalSection
	GlobalSection(ExtensibilityGlobals) = postSolution
		SolutionGuid = {F0750EB7-AB16-4C2E-B44E-A9A2D4EC3C49}
	EndGlobalSection
EndGlobal
