
Microsoft Visual Studio Solution File, Format Version 12.00
# Visual Studio Version 16
VisualStudioVersion = 16.0.28809.33
MinimumVisualStudioVersion = 10.0.40219.1
Project("{9A19103F-16F7-4668-BE54-9A1E7A4F7556}") = "Arslan.Net.Service", "Arslan.Net.Service\Arslan.Net.Service.csproj", "{83C9D5E7-C828-478D-BFCE-CB97D5473EBF}"
EndProject
Project("{9A19103F-16F7-4668-BE54-9A1E7A4F7556}") = "Arslan.Net.Extensions.Service", "Arslan.Net.Extensions.Service\Arslan.Net.Extensions.Service.csproj", "{B990E392-7C9E-499D-BC73-C83E5A30C44F}"
EndProject
Project("{9A19103F-16F7-4668-BE54-9A1E7A4F7556}") = "Arslan.Net.Tests.Service", "Arslan.Net.Service.Tests\Arslan.Net.Tests.Service.csproj", "{61F3F7CC-710C-4C6E-B562-06DD0B2A2B66}"
EndProject
Project("{2150E333-8FDC-42A3-9474-1A3956D46DE8}") = "Solution Items", "Solution Items", "{FCC8BC1B-044D-4A15-B337-A5FAA04D279D}"
	ProjectSection(SolutionItems) = preProject
		README.md = README.md
	EndProjectSection
EndProject
Global
	GlobalSection(SolutionConfigurationPlatforms) = preSolution
		Debug|Any CPU = Debug|Any CPU
		Release|Any CPU = Release|Any CPU
	EndGlobalSection
	GlobalSection(ProjectConfigurationPlatforms) = postSolution
		{83C9D5E7-C828-478D-BFCE-CB97D5473EBF}.Debug|Any CPU.ActiveCfg = Debug|Any CPU
		{83C9D5E7-C828-478D-BFCE-CB97D5473EBF}.Debug|Any CPU.Build.0 = Debug|Any CPU
		{83C9D5E7-C828-478D-BFCE-CB97D5473EBF}.Release|Any CPU.ActiveCfg = Release|Any CPU
		{83C9D5E7-C828-478D-BFCE-CB97D5473EBF}.Release|Any CPU.Build.0 = Release|Any CPU
		{B990E392-7C9E-499D-BC73-C83E5A30C44F}.Debug|Any CPU.ActiveCfg = Debug|Any CPU
		{B990E392-7C9E-499D-BC73-C83E5A30C44F}.Debug|Any CPU.Build.0 = Debug|Any CPU
		{B990E392-7C9E-499D-BC73-C83E5A30C44F}.Release|Any CPU.ActiveCfg = Release|Any CPU
		{B990E392-7C9E-499D-BC73-C83E5A30C44F}.Release|Any CPU.Build.0 = Release|Any CPU
		{61F3F7CC-710C-4C6E-B562-06DD0B2A2B66}.Debug|Any CPU.ActiveCfg = Debug|Any CPU
		{61F3F7CC-710C-4C6E-B562-06DD0B2A2B66}.Debug|Any CPU.Build.0 = Debug|Any CPU
		{61F3F7CC-710C-4C6E-B562-06DD0B2A2B66}.Release|Any CPU.ActiveCfg = Release|Any CPU
		{61F3F7CC-710C-4C6E-B562-06DD0B2A2B66}.Release|Any CPU.Build.0 = Release|Any CPU
	EndGlobalSection
	GlobalSection(SolutionProperties) = preSolution
		HideSolutionNode = FALSE
	EndGlobalSection
	GlobalSection(ExtensibilityGlobals) = postSolution
		SolutionGuid = {F0750EB7-AB16-4C2E-B44E-A9A2D4EC3C49}
	EndGlobalSection
EndGlobal
